// !$*UTF8*$!
{
	archiveVersion = 1;
	classes = {
	};
	objectVersion = 46;
	objects = {

/* Begin PBXBuildFile section */
		E67380CD14D6824600B35246 /* UIKit.framework in Frameworks */ = {isa = PBXBuildFile; fileRef = E67380CC14D6824600B35246 /* UIKit.framework */; };
		E67380CF14D6824600B35246 /* Foundation.framework in Frameworks */ = {isa = PBXBuildFile; fileRef = E67380CE14D6824600B35246 /* Foundation.framework */; };
		E67380D114D6824600B35246 /* CoreGraphics.framework in Frameworks */ = {isa = PBXBuildFile; fileRef = E67380D014D6824600B35246 /* CoreGraphics.framework */; };
		E67380D714D6824700B35246 /* InfoPlist.strings in Resources */ = {isa = PBXBuildFile; fileRef = E67380D514D6824700B35246 /* InfoPlist.strings */; };
		E67380D914D6824700B35246 /* main.m in Sources */ = {isa = PBXBuildFile; fileRef = E67380D814D6824700B35246 /* main.m */; };
		E67380DD14D6824700B35246 /* MUAppDelegate.m in Sources */ = {isa = PBXBuildFile; fileRef = E67380DC14D6824700B35246 /* MUAppDelegate.m */; };
		E67380E014D6824700B35246 /* MUViewController.m in Sources */ = {isa = PBXBuildFile; fileRef = E67380DF14D6824700B35246 /* MUViewController.m */; };
		E67380E314D6824700B35246 /* MUViewController_iPhone.xib in Resources */ = {isa = PBXBuildFile; fileRef = E67380E114D6824700B35246 /* MUViewController_iPhone.xib */; };
		E67380E614D6824700B35246 /* MUViewController_iPad.xib in Resources */ = {isa = PBXBuildFile; fileRef = E67380E414D6824700B35246 /* MUViewController_iPad.xib */; };
/* End PBXBuildFile section */

/* Begin PBXFileReference section */
		E67380C814D6824600B35246 /* MUKitMaster.app */ = {isa = PBXFileReference; explicitFileType = wrapper.application; includeInIndex = 0; path = MUKitMaster.app; sourceTree = BUILT_PRODUCTS_DIR; };
		E67380CC14D6824600B35246 /* UIKit.framework */ = {isa = PBXFileReference; lastKnownFileType = wrapper.framework; name = UIKit.framework; path = System/Library/Frameworks/UIKit.framework; sourceTree = SDKROOT; };
		E67380CE14D6824600B35246 /* Foundation.framework */ = {isa = PBXFileReference; lastKnownFileType = wrapper.framework; name = Foundation.framework; path = System/Library/Frameworks/Foundation.framework; sourceTree = SDKROOT; };
		E67380D014D6824600B35246 /* CoreGraphics.framework */ = {isa = PBXFileReference; lastKnownFileType = wrapper.framework; name = CoreGraphics.framework; path = System/Library/Frameworks/CoreGraphics.framework; sourceTree = SDKROOT; };
		E67380D414D6824700B35246 /* MUKitMaster-Info.plist */ = {isa = PBXFileReference; lastKnownFileType = text.plist.xml; path = "MUKitMaster-Info.plist"; sourceTree = "<group>"; };
		E67380D614D6824700B35246 /* en */ = {isa = PBXFileReference; lastKnownFileType = text.plist.strings; name = en; path = en.lproj/InfoPlist.strings; sourceTree = "<group>"; };
		E67380D814D6824700B35246 /* main.m */ = {isa = PBXFileReference; lastKnownFileType = sourcecode.c.objc; path = main.m; sourceTree = "<group>"; };
		E67380DA14D6824700B35246 /* MUKitMaster-Prefix.pch */ = {isa = PBXFileReference; lastKnownFileType = sourcecode.c.h; path = "MUKitMaster-Prefix.pch"; sourceTree = "<group>"; };
		E67380DB14D6824700B35246 /* MUAppDelegate.h */ = {isa = PBXFileReference; lastKnownFileType = sourcecode.c.h; path = MUAppDelegate.h; sourceTree = "<group>"; };
		E67380DC14D6824700B35246 /* MUAppDelegate.m */ = {isa = PBXFileReference; lastKnownFileType = sourcecode.c.objc; path = MUAppDelegate.m; sourceTree = "<group>"; };
		E67380DE14D6824700B35246 /* MUViewController.h */ = {isa = PBXFileReference; lastKnownFileType = sourcecode.c.h; path = MUViewController.h; sourceTree = "<group>"; };
		E67380DF14D6824700B35246 /* MUViewController.m */ = {isa = PBXFileReference; lastKnownFileType = sourcecode.c.objc; path = MUViewController.m; sourceTree = "<group>"; };
		E67380E214D6824700B35246 /* en */ = {isa = PBXFileReference; lastKnownFileType = file.xib; name = en; path = en.lproj/MUViewController_iPhone.xib; sourceTree = "<group>"; };
		E67380E514D6824700B35246 /* en */ = {isa = PBXFileReference; lastKnownFileType = file.xib; name = en; path = en.lproj/MUViewController_iPad.xib; sourceTree = "<group>"; };
/* End PBXFileReference section */

/* Begin PBXFrameworksBuildPhase section */
		E67380C514D6824600B35246 /* Frameworks */ = {
			isa = PBXFrameworksBuildPhase;
			buildActionMask = 2147483647;
			files = (
				E67380CD14D6824600B35246 /* UIKit.framework in Frameworks */,
				E67380CF14D6824600B35246 /* Foundation.framework in Frameworks */,
				E67380D114D6824600B35246 /* CoreGraphics.framework in Frameworks */,
			);
			runOnlyForDeploymentPostprocessing = 0;
		};
/* End PBXFrameworksBuildPhase section */

/* Begin PBXGroup section */
		E67380BD14D6824600B35246 = {
			isa = PBXGroup;
			children = (
				E67380D214D6824600B35246 /* MUKitMaster */,
				E67380CB14D6824600B35246 /* Frameworks */,
				E67380C914D6824600B35246 /* Products */,
			);
			sourceTree = "<group>";
		};
		E67380C914D6824600B35246 /* Products */ = {
			isa = PBXGroup;
			children = (
				E67380C814D6824600B35246 /* MUKitMaster.app */,
			);
			name = Products;
			sourceTree = "<group>";
		};
		E67380CB14D6824600B35246 /* Frameworks */ = {
			isa = PBXGroup;
			children = (
				E67380CC14D6824600B35246 /* UIKit.framework */,
				E67380CE14D6824600B35246 /* Foundation.framework */,
				E67380D014D6824600B35246 /* CoreGraphics.framework */,
			);
			name = Frameworks;
			sourceTree = "<group>";
		};
		E67380D214D6824600B35246 /* MUKitMaster */ = {
			isa = PBXGroup;
			children = (
				E67380DB14D6824700B35246 /* MUAppDelegate.h */,
				E67380DC14D6824700B35246 /* MUAppDelegate.m */,
				E67380DE14D6824700B35246 /* MUViewController.h */,
				E67380DF14D6824700B35246 /* MUViewController.m */,
				E67380E114D6824700B35246 /* MUViewController_iPhone.xib */,
				E67380E414D6824700B35246 /* MUViewController_iPad.xib */,
				E67380D314D6824700B35246 /* Supporting Files */,
			);
			path = MUKitMaster;
			sourceTree = "<group>";
		};
		E67380D314D6824700B35246 /* Supporting Files */ = {
			isa = PBXGroup;
			children = (
				E67380D414D6824700B35246 /* MUKitMaster-Info.plist */,
				E67380D514D6824700B35246 /* InfoPlist.strings */,
				E67380D814D6824700B35246 /* main.m */,
				E67380DA14D6824700B35246 /* MUKitMaster-Prefix.pch */,
			);
			name = "Supporting Files";
			sourceTree = "<group>";
		};
/* End PBXGroup section */

/* Begin PBXNativeTarget section */
		E67380C714D6824600B35246 /* MUKitMaster */ = {
			isa = PBXNativeTarget;
			buildConfigurationList = E67380E914D6824700B35246 /* Build configuration list for PBXNativeTarget "MUKitMaster" */;
			buildPhases = (
				E67380C414D6824600B35246 /* Sources */,
				E67380C514D6824600B35246 /* Frameworks */,
				E67380C614D6824600B35246 /* Resources */,
			);
			buildRules = (
			);
			dependencies = (
			);
			name = MUKitMaster;
			productName = MUKitMaster;
			productReference = E67380C814D6824600B35246 /* MUKitMaster.app */;
			productType = "com.apple.product-type.application";
		};
/* End PBXNativeTarget section */

/* Begin PBXProject section */
		E67380BF14D6824600B35246 /* Project object */ = {
			isa = PBXProject;
			attributes = {
				LastUpgradeCheck = 0420;
			};
			buildConfigurationList = E67380C214D6824600B35246 /* Build configuration list for PBXProject "MUKitMaster" */;
			compatibilityVersion = "Xcode 3.2";
			developmentRegion = English;
			hasScannedForEncodings = 0;
			knownRegions = (
				en,
			);
			mainGroup = E67380BD14D6824600B35246;
			productRefGroup = E67380C914D6824600B35246 /* Products */;
			projectDirPath = "";
			projectRoot = "";
			targets = (
				E67380C714D6824600B35246 /* MUKitMaster */,
			);
		};
/* End PBXProject section */

/* Begin PBXResourcesBuildPhase section */
		E67380C614D6824600B35246 /* Resources */ = {
			isa = PBXResourcesBuildPhase;
			buildActionMask = 2147483647;
			files = (
				E67380D714D6824700B35246 /* InfoPlist.strings in Resources */,
				E67380E314D6824700B35246 /* MUViewController_iPhone.xib in Resources */,
				E67380E614D6824700B35246 /* MUViewController_iPad.xib in Resources */,
			);
			runOnlyForDeploymentPostprocessing = 0;
		};
/* End PBXResourcesBuildPhase section */

/* Begin PBXSourcesBuildPhase section */
		E67380C414D6824600B35246 /* Sources */ = {
			isa = PBXSourcesBuildPhase;
			buildActionMask = 2147483647;
			files = (
				E67380D914D6824700B35246 /* main.m in Sources */,
				E67380DD14D6824700B35246 /* MUAppDelegate.m in Sources */,
				E67380E014D6824700B35246 /* MUViewController.m in Sources */,
			);
			runOnlyForDeploymentPostprocessing = 0;
		};
/* End PBXSourcesBuildPhase section */

/* Begin PBXVariantGroup section */
		E67380D514D6824700B35246 /* InfoPlist.strings */ = {
			isa = PBXVariantGroup;
			children = (
				E67380D614D6824700B35246 /* en */,
			);
			name = InfoPlist.strings;
			sourceTree = "<group>";
		};
		E67380E114D6824700B35246 /* MUViewController_iPhone.xib */ = {
			isa = PBXVariantGroup;
			children = (
				E67380E214D6824700B35246 /* en */,
			);
			name = MUViewController_iPhone.xib;
			sourceTree = "<group>";
		};
		E67380E414D6824700B35246 /* MUViewController_iPad.xib */ = {
			isa = PBXVariantGroup;
			children = (
				E67380E514D6824700B35246 /* en */,
			);
			name = MUViewController_iPad.xib;
			sourceTree = "<group>";
		};
/* End PBXVariantGroup section */

/* Begin XCBuildConfiguration section */
		E67380E714D6824700B35246 /* Debug */ = {
			isa = XCBuildConfiguration;
			buildSettings = {
				ALWAYS_SEARCH_USER_PATHS = NO;
				ARCHS = "$(ARCHS_STANDARD_32_BIT)";
				"CODE_SIGN_IDENTITY[sdk=iphoneos*]" = "iPhone Developer";
				COPY_PHASE_STRIP = NO;
				GCC_C_LANGUAGE_STANDARD = gnu99;
				GCC_DYNAMIC_NO_PIC = NO;
				GCC_OPTIMIZATION_LEVEL = 0;
				GCC_PREPROCESSOR_DEFINITIONS = (
					"DEBUG=1",
					"$(inherited)",
				);
				GCC_SYMBOLS_PRIVATE_EXTERN = NO;
				GCC_VERSION = com.apple.compilers.llvm.clang.1_0;
				GCC_WARN_ABOUT_MISSING_PROTOTYPES = YES;
				GCC_WARN_ABOUT_RETURN_TYPE = YES;
				GCC_WARN_UNUSED_VARIABLE = YES;
				IPHONEOS_DEPLOYMENT_TARGET = 5.0;
				SDKROOT = iphoneos;
				TARGETED_DEVICE_FAMILY = "1,2";
			};
			name = Debug;
		};
		E67380E814D6824700B35246 /* Release */ = {
			isa = XCBuildConfiguration;
			buildSettings = {
				ALWAYS_SEARCH_USER_PATHS = NO;
				ARCHS = "$(ARCHS_STANDARD_32_BIT)";
				"CODE_SIGN_IDENTITY[sdk=iphoneos*]" = "iPhone Developer";
				COPY_PHASE_STRIP = YES;
				GCC_C_LANGUAGE_STANDARD = gnu99;
				GCC_VERSION = com.apple.compilers.llvm.clang.1_0;
				GCC_WARN_ABOUT_MISSING_PROTOTYPES = YES;
				GCC_WARN_ABOUT_RETURN_TYPE = YES;
				GCC_WARN_UNUSED_VARIABLE = YES;
				IPHONEOS_DEPLOYMENT_TARGET = 5.0;
				OTHER_CFLAGS = "-DNS_BLOCK_ASSERTIONS=1";
				SDKROOT = iphoneos;
				TARGETED_DEVICE_FAMILY = "1,2";
				VALIDATE_PRODUCT = YES;
			};
			name = Release;
		};
		E67380EA14D6824700B35246 /* Debug */ = {
			isa = XCBuildConfiguration;
			buildSettings = {
				GCC_PRECOMPILE_PREFIX_HEADER = YES;
				GCC_PREFIX_HEADER = "MUKitMaster/MUKitMaster-Prefix.pch";
				INFOPLIST_FILE = "MUKitMaster/MUKitMaster-Info.plist";
				IPHONEOS_DEPLOYMENT_TARGET = 4.0;
				PRODUCT_NAME = "$(TARGET_NAME)";
				WRAPPER_EXTENSION = app;
			};
			name = Debug;
		};
		E67380EB14D6824700B35246 /* Release */ = {
			isa = XCBuildConfiguration;
			buildSettings = {
				GCC_PRECOMPILE_PREFIX_HEADER = YES;
				GCC_PREFIX_HEADER = "MUKitMaster/MUKitMaster-Prefix.pch";
				INFOPLIST_FILE = "MUKitMaster/MUKitMaster-Info.plist";
				IPHONEOS_DEPLOYMENT_TARGET = 4.0;
				PRODUCT_NAME = "$(TARGET_NAME)";
				WRAPPER_EXTENSION = app;
			};
			name = Release;
		};
/* End XCBuildConfiguration section */

/* Begin XCConfigurationList section */
		E67380C214D6824600B35246 /* Build configuration list for PBXProject "MUKitMaster" */ = {
			isa = XCConfigurationList;
			buildConfigurations = (
				E67380E714D6824700B35246 /* Debug */,
				E67380E814D6824700B35246 /* Release */,
			);
			defaultConfigurationIsVisible = 0;
			defaultConfigurationName = Release;
		};
		E67380E914D6824700B35246 /* Build configuration list for PBXNativeTarget "MUKitMaster" */ = {
			isa = XCConfigurationList;
			buildConfigurations = (
				E67380EA14D6824700B35246 /* Debug */,
				E67380EB14D6824700B35246 /* Release */,
			);
			defaultConfigurationIsVisible = 0;
		};
/* End XCConfigurationList section */
	};
	rootObject = E67380BF14D6824600B35246 /* Project object */;
}
